
Microsoft Visual Studio Solution File, Format Version 12.00
# Visual Studio 15
VisualStudioVersion = 15.0.27703.2000
MinimumVisualStudioVersion = 10.0.40219.1
Project("{FAE04EC0-301F-11D3-BF4B-00C04F79EFBC}") = "WordbookImpressApp.Android", "WordbookImpressApp\WordbookImpressApp.Android\WordbookImpressApp.Android.csproj", "{DD23581F-B6AA-4CE4-9D6C-BF5E070B4095}"
EndProject
Project("{FAE04EC0-301F-11D3-BF4B-00C04F79EFBC}") = "WordbookImpressApp.iOS", "WordbookImpressApp\WordbookImpressApp.iOS\WordbookImpressApp.iOS.csproj", "{CFD4F9C2-B099-4728-9072-80DC0D3E5F45}"
EndProject
Project("{FAE04EC0-301F-11D3-BF4B-00C04F79EFBC}") = "WordbookImpressApp.UWP", "WordbookImpressApp\WordbookImpressApp.UWP\WordbookImpressApp.UWP.csproj", "{239484C1-8261-43D6-8434-B03AD9D36238}"
EndProject
Project("{9A19103F-16F7-4668-BE54-9A1E7A4F7556}") = "WordbookImpressApp", "WordbookImpressApp\WordbookImpressApp\WordbookImpressApp.csproj", "{50B4C01A-0FD7-448D-BA6F-194D019BA30C}"
EndProject
Project("{9A19103F-16F7-4668-BE54-9A1E7A4F7556}") = "WordbookImpressLibrary", "WordbookImpressLibrary\WordbookImpressLibrary.csproj", "{F8A60CF7-B33F-49AD-8E03-59E56F905C79}"
EndProject
Project("{9A19103F-16F7-4668-BE54-9A1E7A4F7556}") = "TestConsole", "TestConsole\TestConsole.csproj", "{AA50B6E7-6384-4BEB-B0F2-86109A8C9C16}"
EndProject
Global
	GlobalSection(SolutionConfigurationPlatforms) = preSolution
		Ad-Hoc|Any CPU = Ad-Hoc|Any CPU
		Ad-Hoc|ARM = Ad-Hoc|ARM
		Ad-Hoc|iPhone = Ad-Hoc|iPhone
		Ad-Hoc|iPhoneSimulator = Ad-Hoc|iPhoneSimulator
		Ad-Hoc|x64 = Ad-Hoc|x64
		Ad-Hoc|x86 = Ad-Hoc|x86
		AppStore|Any CPU = AppStore|Any CPU
		AppStore|ARM = AppStore|ARM
		AppStore|iPhone = AppStore|iPhone
		AppStore|iPhoneSimulator = AppStore|iPhoneSimulator
		AppStore|x64 = AppStore|x64
		AppStore|x86 = AppStore|x86
		Debug|Any CPU = Debug|Any CPU
		Debug|ARM = Debug|ARM
		Debug|iPhone = Debug|iPhone
		Debug|iPhoneSimulator = Debug|iPhoneSimulator
		Debug|x64 = Debug|x64
		Debug|x86 = Debug|x86
		Release|Any CPU = Release|Any CPU
		Release|ARM = Release|ARM
		Release|iPhone = Release|iPhone
		Release|iPhoneSimulator = Release|iPhoneSimulator
		Release|x64 = Release|x64
		Release|x86 = Release|x86
	EndGlobalSection
	GlobalSection(ProjectConfigurationPlatforms) = postSolution
		{DD23581F-B6AA-4CE4-9D6C-BF5E070B4095}.Ad-Hoc|Any CPU.ActiveCfg = Release|Any CPU
		{DD23581F-B6AA-4CE4-9D6C-BF5E070B4095}.Ad-Hoc|Any CPU.Build.0 = Release|Any CPU
		{DD23581F-B6AA-4CE4-9D6C-BF5E070B4095}.Ad-Hoc|Any CPU.Deploy.0 = Release|Any CPU
		{DD23581F-B6AA-4CE4-9D6C-BF5E070B4095}.Ad-Hoc|ARM.ActiveCfg = Release|Any CPU
		{DD23581F-B6AA-4CE4-9D6C-BF5E070B4095}.Ad-Hoc|ARM.Build.0 = Release|Any CPU
		{DD23581F-B6AA-4CE4-9D6C-BF5E070B4095}.Ad-Hoc|ARM.Deploy.0 = Release|Any CPU
		{DD23581F-B6AA-4CE4-9D6C-BF5E070B4095}.Ad-Hoc|iPhone.ActiveCfg = Release|Any CPU
		{DD23581F-B6AA-4CE4-9D6C-BF5E070B4095}.Ad-Hoc|iPhone.Build.0 = Release|Any CPU
		{DD23581F-B6AA-4CE4-9D6C-BF5E070B4095}.Ad-Hoc|iPhone.Deploy.0 = Release|Any CPU
		{DD23581F-B6AA-4CE4-9D6C-BF5E070B4095}.Ad-Hoc|iPhoneSimulator.ActiveCfg = Release|Any CPU
		{DD23581F-B6AA-4CE4-9D6C-BF5E070B4095}.Ad-Hoc|iPhoneSimulator.Build.0 = Release|Any CPU
		{DD23581F-B6AA-4CE4-9D6C-BF5E070B4095}.Ad-Hoc|iPhoneSimulator.Deploy.0 = Release|Any CPU
		{DD23581F-B6AA-4CE4-9D6C-BF5E070B4095}.Ad-Hoc|x64.ActiveCfg = Release|Any CPU
		{DD23581F-B6AA-4CE4-9D6C-BF5E070B4095}.Ad-Hoc|x64.Build.0 = Release|Any CPU
		{DD23581F-B6AA-4CE4-9D6C-BF5E070B4095}.Ad-Hoc|x64.Deploy.0 = Release|Any CPU
		{DD23581F-B6AA-4CE4-9D6C-BF5E070B4095}.Ad-Hoc|x86.ActiveCfg = Release|Any CPU
		{DD23581F-B6AA-4CE4-9D6C-BF5E070B4095}.Ad-Hoc|x86.Build.0 = Release|Any CPU
		{DD23581F-B6AA-4CE4-9D6C-BF5E070B4095}.Ad-Hoc|x86.Deploy.0 = Release|Any CPU
		{DD23581F-B6AA-4CE4-9D6C-BF5E070B4095}.AppStore|Any CPU.ActiveCfg = Release|Any CPU
		{DD23581F-B6AA-4CE4-9D6C-BF5E070B4095}.AppStore|Any CPU.Build.0 = Release|Any CPU
		{DD23581F-B6AA-4CE4-9D6C-BF5E070B4095}.AppStore|Any CPU.Deploy.0 = Release|Any CPU
		{DD23581F-B6AA-4CE4-9D6C-BF5E070B4095}.AppStore|ARM.ActiveCfg = Release|Any CPU
		{DD23581F-B6AA-4CE4-9D6C-BF5E070B4095}.AppStore|ARM.Build.0 = Release|Any CPU
		{DD23581F-B6AA-4CE4-9D6C-BF5E070B4095}.AppStore|ARM.Deploy.0 = Release|Any CPU
		{DD23581F-B6AA-4CE4-9D6C-BF5E070B4095}.AppStore|iPhone.ActiveCfg = Release|Any CPU
		{DD23581F-B6AA-4CE4-9D6C-BF5E070B4095}.AppStore|iPhone.Build.0 = Release|Any CPU
		{DD23581F-B6AA-4CE4-9D6C-BF5E070B4095}.AppStore|iPhone.Deploy.0 = Release|Any CPU
		{DD23581F-B6AA-4CE4-9D6C-BF5E070B4095}.AppStore|iPhoneSimulator.ActiveCfg = Release|Any CPU
		{DD23581F-B6AA-4CE4-9D6C-BF5E070B4095}.AppStore|iPhoneSimulator.Build.0 = Release|Any CPU
		{DD23581F-B6AA-4CE4-9D6C-BF5E070B4095}.AppStore|iPhoneSimulator.Deploy.0 = Release|Any CPU
		{DD23581F-B6AA-4CE4-9D6C-BF5E070B4095}.AppStore|x64.ActiveCfg = Release|Any CPU
		{DD23581F-B6AA-4CE4-9D6C-BF5E070B4095}.AppStore|x64.Build.0 = Release|Any CPU
		{DD23581F-B6AA-4CE4-9D6C-BF5E070B4095}.AppStore|x64.Deploy.0 = Release|Any CPU
		{DD23581F-B6AA-4CE4-9D6C-BF5E070B4095}.AppStore|x86.ActiveCfg = Release|Any CPU
		{DD23581F-B6AA-4CE4-9D6C-BF5E070B4095}.AppStore|x86.Build.0 = Release|Any CPU
		{DD23581F-B6AA-4CE4-9D6C-BF5E070B4095}.AppStore|x86.Deploy.0 = Release|Any CPU
		{DD23581F-B6AA-4CE4-9D6C-BF5E070B4095}.Debug|Any CPU.ActiveCfg = Debug|Any CPU
		{DD23581F-B6AA-4CE4-9D6C-BF5E070B4095}.Debug|Any CPU.Build.0 = Debug|Any CPU
		{DD23581F-B6AA-4CE4-9D6C-BF5E070B4095}.Debug|Any CPU.Deploy.0 = Debug|Any CPU
		{DD23581F-B6AA-4CE4-9D6C-BF5E070B4095}.Debug|ARM.ActiveCfg = Debug|Any CPU
		{DD23581F-B6AA-4CE4-9D6C-BF5E070B4095}.Debug|ARM.Build.0 = Debug|Any CPU
		{DD23581F-B6AA-4CE4-9D6C-BF5E070B4095}.Debug|ARM.Deploy.0 = Debug|Any CPU
		{DD23581F-B6AA-4CE4-9D6C-BF5E070B4095}.Debug|iPhone.ActiveCfg = Debug|Any CPU
		{DD23581F-B6AA-4CE4-9D6C-BF5E070B4095}.Debug|iPhone.Build.0 = Debug|Any CPU
		{DD23581F-B6AA-4CE4-9D6C-BF5E070B4095}.Debug|iPhone.Deploy.0 = Debug|Any CPU
		{DD23581F-B6AA-4CE4-9D6C-BF5E070B4095}.Debug|iPhoneSimulator.ActiveCfg = Debug|Any CPU
		{DD23581F-B6AA-4CE4-9D6C-BF5E070B4095}.Debug|iPhoneSimulator.Build.0 = Debug|Any CPU
		{DD23581F-B6AA-4CE4-9D6C-BF5E070B4095}.Debug|iPhoneSimulator.Deploy.0 = Debug|Any CPU
		{DD23581F-B6AA-4CE4-9D6C-BF5E070B4095}.Debug|x64.ActiveCfg = Debug|Any CPU
		{DD23581F-B6AA-4CE4-9D6C-BF5E070B4095}.Debug|x64.Build.0 = Debug|Any CPU
		{DD23581F-B6AA-4CE4-9D6C-BF5E070B4095}.Debug|x64.Deploy.0 = Debug|Any CPU
		{DD23581F-B6AA-4CE4-9D6C-BF5E070B4095}.Debug|x86.ActiveCfg = Debug|Any CPU
		{DD23581F-B6AA-4CE4-9D6C-BF5E070B4095}.Debug|x86.Build.0 = Debug|Any CPU
		{DD23581F-B6AA-4CE4-9D6C-BF5E070B4095}.Debug|x86.Deploy.0 = Debug|Any CPU
		{DD23581F-B6AA-4CE4-9D6C-BF5E070B4095}.Release|Any CPU.ActiveCfg = Release|Any CPU
		{DD23581F-B6AA-4CE4-9D6C-BF5E070B4095}.Release|Any CPU.Build.0 = Release|Any CPU
		{DD23581F-B6AA-4CE4-9D6C-BF5E070B4095}.Release|Any CPU.Deploy.0 = Release|Any CPU
		{DD23581F-B6AA-4CE4-9D6C-BF5E070B4095}.Release|ARM.ActiveCfg = Release|Any CPU
		{DD23581F-B6AA-4CE4-9D6C-BF5E070B4095}.Release|ARM.Build.0 = Release|Any CPU
		{DD23581F-B6AA-4CE4-9D6C-BF5E070B4095}.Release|ARM.Deploy.0 = Release|Any CPU
		{DD23581F-B6AA-4CE4-9D6C-BF5E070B4095}.Release|iPhone.ActiveCfg = Release|Any CPU
		{DD23581F-B6AA-4CE4-9D6C-BF5E070B4095}.Release|iPhone.Build.0 = Release|Any CPU
		{DD23581F-B6AA-4CE4-9D6C-BF5E070B4095}.Release|iPhone.Deploy.0 = Release|Any CPU
		{DD23581F-B6AA-4CE4-9D6C-BF5E070B4095}.Release|iPhoneSimulator.ActiveCfg = Release|Any CPU
		{DD23581F-B6AA-4CE4-9D6C-BF5E070B4095}.Release|iPhoneSimulator.Build.0 = Release|Any CPU
		{DD23581F-B6AA-4CE4-9D6C-BF5E070B4095}.Release|iPhoneSimulator.Deploy.0 = Release|Any CPU
		{DD23581F-B6AA-4CE4-9D6C-BF5E070B4095}.Release|x64.ActiveCfg = Release|Any CPU
		{DD23581F-B6AA-4CE4-9D6C-BF5E070B4095}.Release|x64.Build.0 = Release|Any CPU
		{DD23581F-B6AA-4CE4-9D6C-BF5E070B4095}.Release|x64.Deploy.0 = Release|Any CPU
		{DD23581F-B6AA-4CE4-9D6C-BF5E070B4095}.Release|x86.ActiveCfg = Release|Any CPU
		{DD23581F-B6AA-4CE4-9D6C-BF5E070B4095}.Release|x86.Build.0 = Release|Any CPU
		{DD23581F-B6AA-4CE4-9D6C-BF5E070B4095}.Release|x86.Deploy.0 = Release|Any CPU
		{CFD4F9C2-B099-4728-9072-80DC0D3E5F45}.Ad-Hoc|Any CPU.ActiveCfg = Ad-Hoc|iPhone
		{CFD4F9C2-B099-4728-9072-80DC0D3E5F45}.Ad-Hoc|Any CPU.Build.0 = Ad-Hoc|iPhone
		{CFD4F9C2-B099-4728-9072-80DC0D3E5F45}.Ad-Hoc|Any CPU.Deploy.0 = Ad-Hoc|iPhone
		{CFD4F9C2-B099-4728-9072-80DC0D3E5F45}.Ad-Hoc|ARM.ActiveCfg = Ad-Hoc|iPhone
		{CFD4F9C2-B099-4728-9072-80DC0D3E5F45}.Ad-Hoc|ARM.Build.0 = Ad-Hoc|iPhone
		{CFD4F9C2-B099-4728-9072-80DC0D3E5F45}.Ad-Hoc|ARM.Deploy.0 = Ad-Hoc|iPhone
		{CFD4F9C2-B099-4728-9072-80DC0D3E5F45}.Ad-Hoc|iPhone.ActiveCfg = Ad-Hoc|iPhone
		{CFD4F9C2-B099-4728-9072-80DC0D3E5F45}.Ad-Hoc|iPhone.Build.0 = Ad-Hoc|iPhone
		{CFD4F9C2-B099-4728-9072-80DC0D3E5F45}.Ad-Hoc|iPhone.Deploy.0 = Ad-Hoc|iPhone
		{CFD4F9C2-B099-4728-9072-80DC0D3E5F45}.Ad-Hoc|iPhoneSimulator.ActiveCfg = Ad-Hoc|iPhoneSimulator
		{CFD4F9C2-B099-4728-9072-80DC0D3E5F45}.Ad-Hoc|iPhoneSimulator.Build.0 = Ad-Hoc|iPhoneSimulator
		{CFD4F9C2-B099-4728-9072-80DC0D3E5F45}.Ad-Hoc|iPhoneSimulator.Deploy.0 = Ad-Hoc|iPhoneSimulator
		{CFD4F9C2-B099-4728-9072-80DC0D3E5F45}.Ad-Hoc|x64.ActiveCfg = Ad-Hoc|iPhone
		{CFD4F9C2-B099-4728-9072-80DC0D3E5F45}.Ad-Hoc|x64.Build.0 = Ad-Hoc|iPhone
		{CFD4F9C2-B099-4728-9072-80DC0D3E5F45}.Ad-Hoc|x64.Deploy.0 = Ad-Hoc|iPhone
		{CFD4F9C2-B099-4728-9072-80DC0D3E5F45}.Ad-Hoc|x86.ActiveCfg = Ad-Hoc|iPhone
		{CFD4F9C2-B099-4728-9072-80DC0D3E5F45}.Ad-Hoc|x86.Build.0 = Ad-Hoc|iPhone
		{CFD4F9C2-B099-4728-9072-80DC0D3E5F45}.Ad-Hoc|x86.Deploy.0 = Ad-Hoc|iPhone
		{CFD4F9C2-B099-4728-9072-80DC0D3E5F45}.AppStore|Any CPU.ActiveCfg = AppStore|iPhone
		{CFD4F9C2-B099-4728-9072-80DC0D3E5F45}.AppStore|Any CPU.Build.0 = AppStore|iPhone
		{CFD4F9C2-B099-4728-9072-80DC0D3E5F45}.AppStore|Any CPU.Deploy.0 = AppStore|iPhone
		{CFD4F9C2-B099-4728-9072-80DC0D3E5F45}.AppStore|ARM.ActiveCfg = AppStore|iPhone
		{CFD4F9C2-B099-4728-9072-80DC0D3E5F45}.AppStore|ARM.Build.0 = AppStore|iPhone
		{CFD4F9C2-B099-4728-9072-80DC0D3E5F45}.AppStore|ARM.Deploy.0 = AppStore|iPhone
		{CFD4F9C2-B099-4728-9072-80DC0D3E5F45}.AppStore|iPhone.ActiveCfg = AppStore|iPhone
		{CFD4F9C2-B099-4728-9072-80DC0D3E5F45}.AppStore|iPhone.Build.0 = AppStore|iPhone
		{CFD4F9C2-B099-4728-9072-80DC0D3E5F45}.AppStore|iPhone.Deploy.0 = AppStore|iPhone
		{CFD4F9C2-B099-4728-9072-80DC0D3E5F45}.AppStore|iPhoneSimulator.ActiveCfg = AppStore|iPhoneSimulator
		{CFD4F9C2-B099-4728-9072-80DC0D3E5F45}.AppStore|iPhoneSimulator.Build.0 = AppStore|iPhoneSimulator
		{CFD4F9C2-B099-4728-9072-80DC0D3E5F45}.AppStore|iPhoneSimulator.Deploy.0 = AppStore|iPhoneSimulator
		{CFD4F9C2-B099-4728-9072-80DC0D3E5F45}.AppStore|x64.ActiveCfg = AppStore|iPhone
		{CFD4F9C2-B099-4728-9072-80DC0D3E5F45}.AppStore|x64.Build.0 = AppStore|iPhone
		{CFD4F9C2-B099-4728-9072-80DC0D3E5F45}.AppStore|x64.Deploy.0 = AppStore|iPhone
		{CFD4F9C2-B099-4728-9072-80DC0D3E5F45}.AppStore|x86.ActiveCfg = AppStore|iPhone
		{CFD4F9C2-B099-4728-9072-80DC0D3E5F45}.AppStore|x86.Build.0 = AppStore|iPhone
		{CFD4F9C2-B099-4728-9072-80DC0D3E5F45}.AppStore|x86.Deploy.0 = AppStore|iPhone
		{CFD4F9C2-B099-4728-9072-80DC0D3E5F45}.Debug|Any CPU.ActiveCfg = Debug|iPhoneSimulator
		{CFD4F9C2-B099-4728-9072-80DC0D3E5F45}.Debug|Any CPU.Build.0 = Debug|iPhoneSimulator
		{CFD4F9C2-B099-4728-9072-80DC0D3E5F45}.Debug|Any CPU.Deploy.0 = Debug|iPhoneSimulator
		{CFD4F9C2-B099-4728-9072-80DC0D3E5F45}.Debug|ARM.ActiveCfg = Debug|iPhone
		{CFD4F9C2-B099-4728-9072-80DC0D3E5F45}.Debug|ARM.Build.0 = Debug|iPhone
		{CFD4F9C2-B099-4728-9072-80DC0D3E5F45}.Debug|ARM.Deploy.0 = Debug|iPhone
		{CFD4F9C2-B099-4728-9072-80DC0D3E5F45}.Debug|iPhone.ActiveCfg = Debug|iPhone
		{CFD4F9C2-B099-4728-9072-80DC0D3E5F45}.Debug|iPhone.Build.0 = Debug|iPhone
		{CFD4F9C2-B099-4728-9072-80DC0D3E5F45}.Debug|iPhone.Deploy.0 = Debug|iPhone
		{CFD4F9C2-B099-4728-9072-80DC0D3E5F45}.Debug|iPhoneSimulator.ActiveCfg = Debug|iPhoneSimulator
		{CFD4F9C2-B099-4728-9072-80DC0D3E5F45}.Debug|iPhoneSimulator.Build.0 = Debug|iPhoneSimulator
		{CFD4F9C2-B099-4728-9072-80DC0D3E5F45}.Debug|iPhoneSimulator.Deploy.0 = Debug|iPhoneSimulator
		{CFD4F9C2-B099-4728-9072-80DC0D3E5F45}.Debug|x64.ActiveCfg = Debug|iPhone
		{CFD4F9C2-B099-4728-9072-80DC0D3E5F45}.Debug|x64.Build.0 = Debug|iPhone
		{CFD4F9C2-B099-4728-9072-80DC0D3E5F45}.Debug|x64.Deploy.0 = Debug|iPhone
		{CFD4F9C2-B099-4728-9072-80DC0D3E5F45}.Debug|x86.ActiveCfg = Debug|iPhone
		{CFD4F9C2-B099-4728-9072-80DC0D3E5F45}.Debug|x86.Build.0 = Debug|iPhone
		{CFD4F9C2-B099-4728-9072-80DC0D3E5F45}.Debug|x86.Deploy.0 = Debug|iPhone
		{CFD4F9C2-B099-4728-9072-80DC0D3E5F45}.Release|Any CPU.ActiveCfg = Release|iPhone
		{CFD4F9C2-B099-4728-9072-80DC0D3E5F45}.Release|Any CPU.Build.0 = Release|iPhone
		{CFD4F9C2-B099-4728-9072-80DC0D3E5F45}.Release|Any CPU.Deploy.0 = Release|iPhone
		{CFD4F9C2-B099-4728-9072-80DC0D3E5F45}.Release|ARM.ActiveCfg = Release|iPhone
		{CFD4F9C2-B099-4728-9072-80DC0D3E5F45}.Release|ARM.Build.0 = Release|iPhone
		{CFD4F9C2-B099-4728-9072-80DC0D3E5F45}.Release|ARM.Deploy.0 = Release|iPhone
		{CFD4F9C2-B099-4728-9072-80DC0D3E5F45}.Release|iPhone.ActiveCfg = Release|iPhone
		{CFD4F9C2-B099-4728-9072-80DC0D3E5F45}.Release|iPhone.Build.0 = Release|iPhone
		{CFD4F9C2-B099-4728-9072-80DC0D3E5F45}.Release|iPhone.Deploy.0 = Release|iPhone
		{CFD4F9C2-B099-4728-9072-80DC0D3E5F45}.Release|iPhoneSimulator.ActiveCfg = Release|iPhoneSimulator
		{CFD4F9C2-B099-4728-9072-80DC0D3E5F45}.Release|iPhoneSimulator.Build.0 = Release|iPhoneSimulator
		{CFD4F9C2-B099-4728-9072-80DC0D3E5F45}.Release|iPhoneSimulator.Deploy.0 = Release|iPhoneSimulator
		{CFD4F9C2-B099-4728-9072-80DC0D3E5F45}.Release|x64.ActiveCfg = Release|iPhone
		{CFD4F9C2-B099-4728-9072-80DC0D3E5F45}.Release|x64.Build.0 = Release|iPhone
		{CFD4F9C2-B099-4728-9072-80DC0D3E5F45}.Release|x64.Deploy.0 = Release|iPhone
		{CFD4F9C2-B099-4728-9072-80DC0D3E5F45}.Release|x86.ActiveCfg = Release|iPhone
		{CFD4F9C2-B099-4728-9072-80DC0D3E5F45}.Release|x86.Build.0 = Release|iPhone
		{CFD4F9C2-B099-4728-9072-80DC0D3E5F45}.Release|x86.Deploy.0 = Release|iPhone
		{239484C1-8261-43D6-8434-B03AD9D36238}.Ad-Hoc|Any CPU.ActiveCfg = Release|x86
		{239484C1-8261-43D6-8434-B03AD9D36238}.Ad-Hoc|Any CPU.Build.0 = Release|x86
		{239484C1-8261-43D6-8434-B03AD9D36238}.Ad-Hoc|Any CPU.Deploy.0 = Release|x86
		{239484C1-8261-43D6-8434-B03AD9D36238}.Ad-Hoc|ARM.ActiveCfg = Release|ARM
		{239484C1-8261-43D6-8434-B03AD9D36238}.Ad-Hoc|ARM.Build.0 = Release|ARM
		{239484C1-8261-43D6-8434-B03AD9D36238}.Ad-Hoc|ARM.Deploy.0 = Release|ARM
		{239484C1-8261-43D6-8434-B03AD9D36238}.Ad-Hoc|iPhone.ActiveCfg = Release|x86
		{239484C1-8261-43D6-8434-B03AD9D36238}.Ad-Hoc|iPhone.Build.0 = Release|x86
		{239484C1-8261-43D6-8434-B03AD9D36238}.Ad-Hoc|iPhone.Deploy.0 = Release|x86
		{239484C1-8261-43D6-8434-B03AD9D36238}.Ad-Hoc|iPhoneSimulator.ActiveCfg = Release|x86
		{239484C1-8261-43D6-8434-B03AD9D36238}.Ad-Hoc|iPhoneSimulator.Build.0 = Release|x86
		{239484C1-8261-43D6-8434-B03AD9D36238}.Ad-Hoc|iPhoneSimulator.Deploy.0 = Release|x86
		{239484C1-8261-43D6-8434-B03AD9D36238}.Ad-Hoc|x64.ActiveCfg = Release|x64
		{239484C1-8261-43D6-8434-B03AD9D36238}.Ad-Hoc|x64.Build.0 = Release|x64
		{239484C1-8261-43D6-8434-B03AD9D36238}.Ad-Hoc|x64.Deploy.0 = Release|x64
		{239484C1-8261-43D6-8434-B03AD9D36238}.Ad-Hoc|x86.ActiveCfg = Release|x86
		{239484C1-8261-43D6-8434-B03AD9D36238}.Ad-Hoc|x86.Build.0 = Release|x86
		{239484C1-8261-43D6-8434-B03AD9D36238}.Ad-Hoc|x86.Deploy.0 = Release|x86
		{239484C1-8261-43D6-8434-B03AD9D36238}.AppStore|Any CPU.ActiveCfg = Release|x86
		{239484C1-8261-43D6-8434-B03AD9D36238}.AppStore|Any CPU.Build.0 = Release|x86
		{239484C1-8261-43D6-8434-B03AD9D36238}.AppStore|Any CPU.Deploy.0 = Release|x86
		{239484C1-8261-43D6-8434-B03AD9D36238}.AppStore|ARM.ActiveCfg = Release|ARM
		{239484C1-8261-43D6-8434-B03AD9D36238}.AppStore|ARM.Build.0 = Release|ARM
		{239484C1-8261-43D6-8434-B03AD9D36238}.AppStore|ARM.Deploy.0 = Release|ARM
		{239484C1-8261-43D6-8434-B03AD9D36238}.AppStore|iPhone.ActiveCfg = Release|x86
		{239484C1-8261-43D6-8434-B03AD9D36238}.AppStore|iPhone.Build.0 = Release|x86
		{239484C1-8261-43D6-8434-B03AD9D36238}.AppStore|iPhone.Deploy.0 = Release|x86
		{239484C1-8261-43D6-8434-B03AD9D36238}.AppStore|iPhoneSimulator.ActiveCfg = Release|x86
		{239484C1-8261-43D6-8434-B03AD9D36238}.AppStore|iPhoneSimulator.Build.0 = Release|x86
		{239484C1-8261-43D6-8434-B03AD9D36238}.AppStore|iPhoneSimulator.Deploy.0 = Release|x86
		{239484C1-8261-43D6-8434-B03AD9D36238}.AppStore|x64.ActiveCfg = Release|x64
		{239484C1-8261-43D6-8434-B03AD9D36238}.AppStore|x64.Build.0 = Release|x64
		{239484C1-8261-43D6-8434-B03AD9D36238}.AppStore|x64.Deploy.0 = Release|x64
		{239484C1-8261-43D6-8434-B03AD9D36238}.AppStore|x86.ActiveCfg = Release|x86
		{239484C1-8261-43D6-8434-B03AD9D36238}.AppStore|x86.Build.0 = Release|x86
		{239484C1-8261-43D6-8434-B03AD9D36238}.AppStore|x86.Deploy.0 = Release|x86
		{239484C1-8261-43D6-8434-B03AD9D36238}.Debug|Any CPU.ActiveCfg = Debug|x86
		{239484C1-8261-43D6-8434-B03AD9D36238}.Debug|Any CPU.Build.0 = Debug|x86
		{239484C1-8261-43D6-8434-B03AD9D36238}.Debug|Any CPU.Deploy.0 = Debug|x86
		{239484C1-8261-43D6-8434-B03AD9D36238}.Debug|ARM.ActiveCfg = Debug|ARM
		{239484C1-8261-43D6-8434-B03AD9D36238}.Debug|ARM.Build.0 = Debug|ARM
		{239484C1-8261-43D6-8434-B03AD9D36238}.Debug|ARM.Deploy.0 = Debug|ARM
		{239484C1-8261-43D6-8434-B03AD9D36238}.Debug|iPhone.ActiveCfg = Debug|x86
		{239484C1-8261-43D6-8434-B03AD9D36238}.Debug|iPhone.Build.0 = Debug|x86
		{239484C1-8261-43D6-8434-B03AD9D36238}.Debug|iPhone.Deploy.0 = Debug|x86
		{239484C1-8261-43D6-8434-B03AD9D36238}.Debug|iPhoneSimulator.ActiveCfg = Debug|x86
		{239484C1-8261-43D6-8434-B03AD9D36238}.Debug|iPhoneSimulator.Build.0 = Debug|x86
		{239484C1-8261-43D6-8434-B03AD9D36238}.Debug|iPhoneSimulator.Deploy.0 = Debug|x86
		{239484C1-8261-43D6-8434-B03AD9D36238}.Debug|x64.ActiveCfg = Debug|x64
		{239484C1-8261-43D6-8434-B03AD9D36238}.Debug|x64.Build.0 = Debug|x64
		{239484C1-8261-43D6-8434-B03AD9D36238}.Debug|x64.Deploy.0 = Debug|x64
		{239484C1-8261-43D6-8434-B03AD9D36238}.Debug|x86.ActiveCfg = Debug|x86
		{239484C1-8261-43D6-8434-B03AD9D36238}.Debug|x86.Build.0 = Debug|x86
		{239484C1-8261-43D6-8434-B03AD9D36238}.Debug|x86.Deploy.0 = Debug|x86
		{239484C1-8261-43D6-8434-B03AD9D36238}.Release|Any CPU.ActiveCfg = Release|x86
		{239484C1-8261-43D6-8434-B03AD9D36238}.Release|Any CPU.Build.0 = Release|x86
		{239484C1-8261-43D6-8434-B03AD9D36238}.Release|Any CPU.Deploy.0 = Release|x86
		{239484C1-8261-43D6-8434-B03AD9D36238}.Release|ARM.ActiveCfg = Release|ARM
		{239484C1-8261-43D6-8434-B03AD9D36238}.Release|ARM.Build.0 = Release|ARM
		{239484C1-8261-43D6-8434-B03AD9D36238}.Release|ARM.Deploy.0 = Release|ARM
		{239484C1-8261-43D6-8434-B03AD9D36238}.Release|iPhone.ActiveCfg = Release|x86
		{239484C1-8261-43D6-8434-B03AD9D36238}.Release|iPhone.Build.0 = Release|x86
		{239484C1-8261-43D6-8434-B03AD9D36238}.Release|iPhone.Deploy.0 = Release|x86
		{239484C1-8261-43D6-8434-B03AD9D36238}.Release|iPhoneSimulator.ActiveCfg = Release|x86
		{239484C1-8261-43D6-8434-B03AD9D36238}.Release|iPhoneSimulator.Build.0 = Release|x86
		{239484C1-8261-43D6-8434-B03AD9D36238}.Release|iPhoneSimulator.Deploy.0 = Release|x86
		{239484C1-8261-43D6-8434-B03AD9D36238}.Release|x64.ActiveCfg = Release|x64
		{239484C1-8261-43D6-8434-B03AD9D36238}.Release|x64.Build.0 = Release|x64
		{239484C1-8261-43D6-8434-B03AD9D36238}.Release|x64.Deploy.0 = Release|x64
		{239484C1-8261-43D6-8434-B03AD9D36238}.Release|x86.ActiveCfg = Release|x86
		{239484C1-8261-43D6-8434-B03AD9D36238}.Release|x86.Build.0 = Release|x86
		{239484C1-8261-43D6-8434-B03AD9D36238}.Release|x86.Deploy.0 = Release|x86
		{50B4C01A-0FD7-448D-BA6F-194D019BA30C}.Ad-Hoc|Any CPU.ActiveCfg = Debug|Any CPU
		{50B4C01A-0FD7-448D-BA6F-194D019BA30C}.Ad-Hoc|Any CPU.Build.0 = Debug|Any CPU
		{50B4C01A-0FD7-448D-BA6F-194D019BA30C}.Ad-Hoc|Any CPU.Deploy.0 = Debug|Any CPU
		{50B4C01A-0FD7-448D-BA6F-194D019BA30C}.Ad-Hoc|ARM.ActiveCfg = Debug|Any CPU
		{50B4C01A-0FD7-448D-BA6F-194D019BA30C}.Ad-Hoc|ARM.Build.0 = Debug|Any CPU
		{50B4C01A-0FD7-448D-BA6F-194D019BA30C}.Ad-Hoc|ARM.Deploy.0 = Debug|Any CPU
		{50B4C01A-0FD7-448D-BA6F-194D019BA30C}.Ad-Hoc|iPhone.ActiveCfg = Debug|Any CPU
		{50B4C01A-0FD7-448D-BA6F-194D019BA30C}.Ad-Hoc|iPhone.Build.0 = Debug|Any CPU
		{50B4C01A-0FD7-448D-BA6F-194D019BA30C}.Ad-Hoc|iPhone.Deploy.0 = Debug|Any CPU
		{50B4C01A-0FD7-448D-BA6F-194D019BA30C}.Ad-Hoc|iPhoneSimulator.ActiveCfg = Debug|Any CPU
		{50B4C01A-0FD7-448D-BA6F-194D019BA30C}.Ad-Hoc|iPhoneSimulator.Build.0 = Debug|Any CPU
		{50B4C01A-0FD7-448D-BA6F-194D019BA30C}.Ad-Hoc|iPhoneSimulator.Deploy.0 = Debug|Any CPU
		{50B4C01A-0FD7-448D-BA6F-194D019BA30C}.Ad-Hoc|x64.ActiveCfg = Debug|Any CPU
		{50B4C01A-0FD7-448D-BA6F-194D019BA30C}.Ad-Hoc|x64.Build.0 = Debug|Any CPU
		{50B4C01A-0FD7-448D-BA6F-194D019BA30C}.Ad-Hoc|x64.Deploy.0 = Debug|Any CPU
		{50B4C01A-0FD7-448D-BA6F-194D019BA30C}.Ad-Hoc|x86.ActiveCfg = Debug|Any CPU
		{50B4C01A-0FD7-448D-BA6F-194D019BA30C}.Ad-Hoc|x86.Build.0 = Debug|Any CPU
		{50B4C01A-0FD7-448D-BA6F-194D019BA30C}.Ad-Hoc|x86.Deploy.0 = Debug|Any CPU
		{50B4C01A-0FD7-448D-BA6F-194D019BA30C}.AppStore|Any CPU.ActiveCfg = Debug|Any CPU
		{50B4C01A-0FD7-448D-BA6F-194D019BA30C}.AppStore|Any CPU.Build.0 = Debug|Any CPU
		{50B4C01A-0FD7-448D-BA6F-194D019BA30C}.AppStore|Any CPU.Deploy.0 = Debug|Any CPU
		{50B4C01A-0FD7-448D-BA6F-194D019BA30C}.AppStore|ARM.ActiveCfg = Debug|Any CPU
		{50B4C01A-0FD7-448D-BA6F-194D019BA30C}.AppStore|ARM.Build.0 = Debug|Any CPU
		{50B4C01A-0FD7-448D-BA6F-194D019BA30C}.AppStore|ARM.Deploy.0 = Debug|Any CPU
		{50B4C01A-0FD7-448D-BA6F-194D019BA30C}.AppStore|iPhone.ActiveCfg = Debug|Any CPU
		{50B4C01A-0FD7-448D-BA6F-194D019BA30C}.AppStore|iPhone.Build.0 = Debug|Any CPU
		{50B4C01A-0FD7-448D-BA6F-194D019BA30C}.AppStore|iPhone.Deploy.0 = Debug|Any CPU
		{50B4C01A-0FD7-448D-BA6F-194D019BA30C}.AppStore|iPhoneSimulator.ActiveCfg = Debug|Any CPU
		{50B4C01A-0FD7-448D-BA6F-194D019BA30C}.AppStore|iPhoneSimulator.Build.0 = Debug|Any CPU
		{50B4C01A-0FD7-448D-BA6F-194D019BA30C}.AppStore|iPhoneSimulator.Deploy.0 = Debug|Any CPU
		{50B4C01A-0FD7-448D-BA6F-194D019BA30C}.AppStore|x64.ActiveCfg = Debug|Any CPU
		{50B4C01A-0FD7-448D-BA6F-194D019BA30C}.AppStore|x64.Build.0 = Debug|Any CPU
		{50B4C01A-0FD7-448D-BA6F-194D019BA30C}.AppStore|x64.Deploy.0 = Debug|Any CPU
		{50B4C01A-0FD7-448D-BA6F-194D019BA30C}.AppStore|x86.ActiveCfg = Debug|Any CPU
		{50B4C01A-0FD7-448D-BA6F-194D019BA30C}.AppStore|x86.Build.0 = Debug|Any CPU
		{50B4C01A-0FD7-448D-BA6F-194D019BA30C}.AppStore|x86.Deploy.0 = Debug|Any CPU
		{50B4C01A-0FD7-448D-BA6F-194D019BA30C}.Debug|Any CPU.ActiveCfg = Debug|Any CPU
		{50B4C01A-0FD7-448D-BA6F-194D019BA30C}.Debug|Any CPU.Build.0 = Debug|Any CPU
		{50B4C01A-0FD7-448D-BA6F-194D019BA30C}.Debug|Any CPU.Deploy.0 = Debug|Any CPU
		{50B4C01A-0FD7-448D-BA6F-194D019BA30C}.Debug|ARM.ActiveCfg = Debug|Any CPU
		{50B4C01A-0FD7-448D-BA6F-194D019BA30C}.Debug|ARM.Build.0 = Debug|Any CPU
		{50B4C01A-0FD7-448D-BA6F-194D019BA30C}.Debug|ARM.Deploy.0 = Debug|Any CPU
		{50B4C01A-0FD7-448D-BA6F-194D019BA30C}.Debug|iPhone.ActiveCfg = Debug|Any CPU
		{50B4C01A-0FD7-448D-BA6F-194D019BA30C}.Debug|iPhone.Build.0 = Debug|Any CPU
		{50B4C01A-0FD7-448D-BA6F-194D019BA30C}.Debug|iPhone.Deploy.0 = Debug|Any CPU
		{50B4C01A-0FD7-448D-BA6F-194D019BA30C}.Debug|iPhoneSimulator.ActiveCfg = Debug|Any CPU
		{50B4C01A-0FD7-448D-BA6F-194D019BA30C}.Debug|iPhoneSimulator.Build.0 = Debug|Any CPU
		{50B4C01A-0FD7-448D-BA6F-194D019BA30C}.Debug|iPhoneSimulator.Deploy.0 = Debug|Any CPU
		{50B4C01A-0FD7-448D-BA6F-194D019BA30C}.Debug|x64.ActiveCfg = Debug|Any CPU
		{50B4C01A-0FD7-448D-BA6F-194D019BA30C}.Debug|x64.Build.0 = Debug|Any CPU
		{50B4C01A-0FD7-448D-BA6F-194D019BA30C}.Debug|x64.Deploy.0 = Debug|Any CPU
		{50B4C01A-0FD7-448D-BA6F-194D019BA30C}.Debug|x86.ActiveCfg = Debug|Any CPU
		{50B4C01A-0FD7-448D-BA6F-194D019BA30C}.Debug|x86.Build.0 = Debug|Any CPU
		{50B4C01A-0FD7-448D-BA6F-194D019BA30C}.Debug|x86.Deploy.0 = Debug|Any CPU
		{50B4C01A-0FD7-448D-BA6F-194D019BA30C}.Release|Any CPU.ActiveCfg = Release|Any CPU
		{50B4C01A-0FD7-448D-BA6F-194D019BA30C}.Release|Any CPU.Build.0 = Release|Any CPU
		{50B4C01A-0FD7-448D-BA6F-194D019BA30C}.Release|Any CPU.Deploy.0 = Release|Any CPU
		{50B4C01A-0FD7-448D-BA6F-194D019BA30C}.Release|ARM.ActiveCfg = Release|Any CPU
		{50B4C01A-0FD7-448D-BA6F-194D019BA30C}.Release|ARM.Build.0 = Release|Any CPU
		{50B4C01A-0FD7-448D-BA6F-194D019BA30C}.Release|ARM.Deploy.0 = Release|Any CPU
		{50B4C01A-0FD7-448D-BA6F-194D019BA30C}.Release|iPhone.ActiveCfg = Release|Any CPU
		{50B4C01A-0FD7-448D-BA6F-194D019BA30C}.Release|iPhone.Build.0 = Release|Any CPU
		{50B4C01A-0FD7-448D-BA6F-194D019BA30C}.Release|iPhone.Deploy.0 = Release|Any CPU
		{50B4C01A-0FD7-448D-BA6F-194D019BA30C}.Release|iPhoneSimulator.ActiveCfg = Release|Any CPU
		{50B4C01A-0FD7-448D-BA6F-194D019BA30C}.Release|iPhoneSimulator.Build.0 = Release|Any CPU
		{50B4C01A-0FD7-448D-BA6F-194D019BA30C}.Release|iPhoneSimulator.Deploy.0 = Release|Any CPU
		{50B4C01A-0FD7-448D-BA6F-194D019BA30C}.Release|x64.ActiveCfg = Release|Any CPU
		{50B4C01A-0FD7-448D-BA6F-194D019BA30C}.Release|x64.Build.0 = Release|Any CPU
		{50B4C01A-0FD7-448D-BA6F-194D019BA30C}.Release|x64.Deploy.0 = Release|Any CPU
		{50B4C01A-0FD7-448D-BA6F-194D019BA30C}.Release|x86.ActiveCfg = Release|Any CPU
		{50B4C01A-0FD7-448D-BA6F-194D019BA30C}.Release|x86.Build.0 = Release|Any CPU
		{50B4C01A-0FD7-448D-BA6F-194D019BA30C}.Release|x86.Deploy.0 = Release|Any CPU
		{F8A60CF7-B33F-49AD-8E03-59E56F905C79}.Ad-Hoc|Any CPU.ActiveCfg = Debug|Any CPU
		{F8A60CF7-B33F-49AD-8E03-59E56F905C79}.Ad-Hoc|Any CPU.Build.0 = Debug|Any CPU
		{F8A60CF7-B33F-49AD-8E03-59E56F905C79}.Ad-Hoc|ARM.ActiveCfg = Debug|Any CPU
		{F8A60CF7-B33F-49AD-8E03-59E56F905C79}.Ad-Hoc|ARM.Build.0 = Debug|Any CPU
		{F8A60CF7-B33F-49AD-8E03-59E56F905C79}.Ad-Hoc|iPhone.ActiveCfg = Debug|Any CPU
		{F8A60CF7-B33F-49AD-8E03-59E56F905C79}.Ad-Hoc|iPhone.Build.0 = Debug|Any CPU
		{F8A60CF7-B33F-49AD-8E03-59E56F905C79}.Ad-Hoc|iPhoneSimulator.ActiveCfg = Debug|Any CPU
		{F8A60CF7-B33F-49AD-8E03-59E56F905C79}.Ad-Hoc|iPhoneSimulator.Build.0 = Debug|Any CPU
		{F8A60CF7-B33F-49AD-8E03-59E56F905C79}.Ad-Hoc|x64.ActiveCfg = Debug|Any CPU
		{F8A60CF7-B33F-49AD-8E03-59E56F905C79}.Ad-Hoc|x64.Build.0 = Debug|Any CPU
		{F8A60CF7-B33F-49AD-8E03-59E56F905C79}.Ad-Hoc|x86.ActiveCfg = Debug|Any CPU
		{F8A60CF7-B33F-49AD-8E03-59E56F905C79}.Ad-Hoc|x86.Build.0 = Debug|Any CPU
		{F8A60CF7-B33F-49AD-8E03-59E56F905C79}.AppStore|Any CPU.ActiveCfg = Debug|Any CPU
		{F8A60CF7-B33F-49AD-8E03-59E56F905C79}.AppStore|Any CPU.Build.0 = Debug|Any CPU
		{F8A60CF7-B33F-49AD-8E03-59E56F905C79}.AppStore|ARM.ActiveCfg = Debug|Any CPU
		{F8A60CF7-B33F-49AD-8E03-59E56F905C79}.AppStore|ARM.Build.0 = Debug|Any CPU
		{F8A60CF7-B33F-49AD-8E03-59E56F905C79}.AppStore|iPhone.ActiveCfg = Debug|Any CPU
		{F8A60CF7-B33F-49AD-8E03-59E56F905C79}.AppStore|iPhone.Build.0 = Debug|Any CPU
		{F8A60CF7-B33F-49AD-8E03-59E56F905C79}.AppStore|iPhoneSimulator.ActiveCfg = Debug|Any CPU
		{F8A60CF7-B33F-49AD-8E03-59E56F905C79}.AppStore|iPhoneSimulator.Build.0 = Debug|Any CPU
		{F8A60CF7-B33F-49AD-8E03-59E56F905C79}.AppStore|x64.ActiveCfg = Debug|Any CPU
		{F8A60CF7-B33F-49AD-8E03-59E56F905C79}.AppStore|x64.Build.0 = Debug|Any CPU
		{F8A60CF7-B33F-49AD-8E03-59E56F905C79}.AppStore|x86.ActiveCfg = Debug|Any CPU
		{F8A60CF7-B33F-49AD-8E03-59E56F905C79}.AppStore|x86.Build.0 = Debug|Any CPU
		{F8A60CF7-B33F-49AD-8E03-59E56F905C79}.Debug|Any CPU.ActiveCfg = Debug|Any CPU
		{F8A60CF7-B33F-49AD-8E03-59E56F905C79}.Debug|Any CPU.Build.0 = Debug|Any CPU
		{F8A60CF7-B33F-49AD-8E03-59E56F905C79}.Debug|ARM.ActiveCfg = Debug|Any CPU
		{F8A60CF7-B33F-49AD-8E03-59E56F905C79}.Debug|ARM.Build.0 = Debug|Any CPU
		{F8A60CF7-B33F-49AD-8E03-59E56F905C79}.Debug|iPhone.ActiveCfg = Debug|Any CPU
		{F8A60CF7-B33F-49AD-8E03-59E56F905C79}.Debug|iPhone.Build.0 = Debug|Any CPU
		{F8A60CF7-B33F-49AD-8E03-59E56F905C79}.Debug|iPhoneSimulator.ActiveCfg = Debug|Any CPU
		{F8A60CF7-B33F-49AD-8E03-59E56F905C79}.Debug|iPhoneSimulator.Build.0 = Debug|Any CPU
		{F8A60CF7-B33F-49AD-8E03-59E56F905C79}.Debug|x64.ActiveCfg = Debug|Any CPU
		{F8A60CF7-B33F-49AD-8E03-59E56F905C79}.Debug|x64.Build.0 = Debug|Any CPU
		{F8A60CF7-B33F-49AD-8E03-59E56F905C79}.Debug|x86.ActiveCfg = Debug|Any CPU
		{F8A60CF7-B33F-49AD-8E03-59E56F905C79}.Debug|x86.Build.0 = Debug|Any CPU
		{F8A60CF7-B33F-49AD-8E03-59E56F905C79}.Release|Any CPU.ActiveCfg = Release|Any CPU
		{F8A60CF7-B33F-49AD-8E03-59E56F905C79}.Release|Any CPU.Build.0 = Release|Any CPU
		{F8A60CF7-B33F-49AD-8E03-59E56F905C79}.Release|ARM.ActiveCfg = Release|Any CPU
		{F8A60CF7-B33F-49AD-8E03-59E56F905C79}.Release|ARM.Build.0 = Release|Any CPU
		{F8A60CF7-B33F-49AD-8E03-59E56F905C79}.Release|iPhone.ActiveCfg = Release|Any CPU
		{F8A60CF7-B33F-49AD-8E03-59E56F905C79}.Release|iPhone.Build.0 = Release|Any CPU
		{F8A60CF7-B33F-49AD-8E03-59E56F905C79}.Release|iPhoneSimulator.ActiveCfg = Release|Any CPU
		{F8A60CF7-B33F-49AD-8E03-59E56F905C79}.Release|iPhoneSimulator.Build.0 = Release|Any CPU
		{F8A60CF7-B33F-49AD-8E03-59E56F905C79}.Release|x64.ActiveCfg = Release|Any CPU
		{F8A60CF7-B33F-49AD-8E03-59E56F905C79}.Release|x64.Build.0 = Release|Any CPU
		{F8A60CF7-B33F-49AD-8E03-59E56F905C79}.Release|x86.ActiveCfg = Release|Any CPU
		{F8A60CF7-B33F-49AD-8E03-59E56F905C79}.Release|x86.Build.0 = Release|Any CPU
		{AA50B6E7-6384-4BEB-B0F2-86109A8C9C16}.Ad-Hoc|Any CPU.ActiveCfg = Debug|Any CPU
		{AA50B6E7-6384-4BEB-B0F2-86109A8C9C16}.Ad-Hoc|Any CPU.Build.0 = Debug|Any CPU
		{AA50B6E7-6384-4BEB-B0F2-86109A8C9C16}.Ad-Hoc|ARM.ActiveCfg = Debug|Any CPU
		{AA50B6E7-6384-4BEB-B0F2-86109A8C9C16}.Ad-Hoc|ARM.Build.0 = Debug|Any CPU
		{AA50B6E7-6384-4BEB-B0F2-86109A8C9C16}.Ad-Hoc|iPhone.ActiveCfg = Debug|Any CPU
		{AA50B6E7-6384-4BEB-B0F2-86109A8C9C16}.Ad-Hoc|iPhone.Build.0 = Debug|Any CPU
		{AA50B6E7-6384-4BEB-B0F2-86109A8C9C16}.Ad-Hoc|iPhoneSimulator.ActiveCfg = Debug|Any CPU
		{AA50B6E7-6384-4BEB-B0F2-86109A8C9C16}.Ad-Hoc|iPhoneSimulator.Build.0 = Debug|Any CPU
		{AA50B6E7-6384-4BEB-B0F2-86109A8C9C16}.Ad-Hoc|x64.ActiveCfg = Debug|Any CPU
		{AA50B6E7-6384-4BEB-B0F2-86109A8C9C16}.Ad-Hoc|x64.Build.0 = Debug|Any CPU
		{AA50B6E7-6384-4BEB-B0F2-86109A8C9C16}.Ad-Hoc|x86.ActiveCfg = Debug|Any CPU
		{AA50B6E7-6384-4BEB-B0F2-86109A8C9C16}.Ad-Hoc|x86.Build.0 = Debug|Any CPU
		{AA50B6E7-6384-4BEB-B0F2-86109A8C9C16}.AppStore|Any CPU.ActiveCfg = Debug|Any CPU
		{AA50B6E7-6384-4BEB-B0F2-86109A8C9C16}.AppStore|Any CPU.Build.0 = Debug|Any CPU
		{AA50B6E7-6384-4BEB-B0F2-86109A8C9C16}.AppStore|ARM.ActiveCfg = Debug|Any CPU
		{AA50B6E7-6384-4BEB-B0F2-86109A8C9C16}.AppStore|ARM.Build.0 = Debug|Any CPU
		{AA50B6E7-6384-4BEB-B0F2-86109A8C9C16}.AppStore|iPhone.ActiveCfg = Debug|Any CPU
		{AA50B6E7-6384-4BEB-B0F2-86109A8C9C16}.AppStore|iPhone.Build.0 = Debug|Any CPU
		{AA50B6E7-6384-4BEB-B0F2-86109A8C9C16}.AppStore|iPhoneSimulator.ActiveCfg = Debug|Any CPU
		{AA50B6E7-6384-4BEB-B0F2-86109A8C9C16}.AppStore|iPhoneSimulator.Build.0 = Debug|Any CPU
		{AA50B6E7-6384-4BEB-B0F2-86109A8C9C16}.AppStore|x64.ActiveCfg = Debug|Any CPU
		{AA50B6E7-6384-4BEB-B0F2-86109A8C9C16}.AppStore|x64.Build.0 = Debug|Any CPU
		{AA50B6E7-6384-4BEB-B0F2-86109A8C9C16}.AppStore|x86.ActiveCfg = Debug|Any CPU
		{AA50B6E7-6384-4BEB-B0F2-86109A8C9C16}.AppStore|x86.Build.0 = Debug|Any CPU
		{AA50B6E7-6384-4BEB-B0F2-86109A8C9C16}.Debug|Any CPU.ActiveCfg = Debug|Any CPU
		{AA50B6E7-6384-4BEB-B0F2-86109A8C9C16}.Debug|Any CPU.Build.0 = Debug|Any CPU
		{AA50B6E7-6384-4BEB-B0F2-86109A8C9C16}.Debug|ARM.ActiveCfg = Debug|Any CPU
		{AA50B6E7-6384-4BEB-B0F2-86109A8C9C16}.Debug|ARM.Build.0 = Debug|Any CPU
		{AA50B6E7-6384-4BEB-B0F2-86109A8C9C16}.Debug|iPhone.ActiveCfg = Debug|Any CPU
		{AA50B6E7-6384-4BEB-B0F2-86109A8C9C16}.Debug|iPhone.Build.0 = Debug|Any CPU
		{AA50B6E7-6384-4BEB-B0F2-86109A8C9C16}.Debug|iPhoneSimulator.ActiveCfg = Debug|Any CPU
		{AA50B6E7-6384-4BEB-B0F2-86109A8C9C16}.Debug|iPhoneSimulator.Build.0 = Debug|Any CPU
		{AA50B6E7-6384-4BEB-B0F2-86109A8C9C16}.Debug|x64.ActiveCfg = Debug|Any CPU
		{AA50B6E7-6384-4BEB-B0F2-86109A8C9C16}.Debug|x64.Build.0 = Debug|Any CPU
		{AA50B6E7-6384-4BEB-B0F2-86109A8C9C16}.Debug|x86.ActiveCfg = Debug|Any CPU
		{AA50B6E7-6384-4BEB-B0F2-86109A8C9C16}.Debug|x86.Build.0 = Debug|Any CPU
		{AA50B6E7-6384-4BEB-B0F2-86109A8C9C16}.Release|Any CPU.ActiveCfg = Release|Any CPU
		{AA50B6E7-6384-4BEB-B0F2-86109A8C9C16}.Release|Any CPU.Build.0 = Release|Any CPU
		{AA50B6E7-6384-4BEB-B0F2-86109A8C9C16}.Release|ARM.ActiveCfg = Release|Any CPU
		{AA50B6E7-6384-4BEB-B0F2-86109A8C9C16}.Release|ARM.Build.0 = Release|Any CPU
		{AA50B6E7-6384-4BEB-B0F2-86109A8C9C16}.Release|iPhone.ActiveCfg = Release|Any CPU
		{AA50B6E7-6384-4BEB-B0F2-86109A8C9C16}.Release|iPhone.Build.0 = Release|Any CPU
		{AA50B6E7-6384-4BEB-B0F2-86109A8C9C16}.Release|iPhoneSimulator.ActiveCfg = Release|Any CPU
		{AA50B6E7-6384-4BEB-B0F2-86109A8C9C16}.Release|iPhoneSimulator.Build.0 = Release|Any CPU
		{AA50B6E7-6384-4BEB-B0F2-86109A8C9C16}.Release|x64.ActiveCfg = Release|Any CPU
		{AA50B6E7-6384-4BEB-B0F2-86109A8C9C16}.Release|x64.Build.0 = Release|Any CPU
		{AA50B6E7-6384-4BEB-B0F2-86109A8C9C16}.Release|x86.ActiveCfg = Release|Any CPU
		{AA50B6E7-6384-4BEB-B0F2-86109A8C9C16}.Release|x86.Build.0 = Release|Any CPU
	EndGlobalSection
	GlobalSection(SolutionProperties) = preSolution
		HideSolutionNode = FALSE
	EndGlobalSection
	GlobalSection(ExtensibilityGlobals) = postSolution
		SolutionGuid = {97799716-1420-43CD-AEEF-25CE866FD302}
	EndGlobalSection
EndGlobal
